
Microsoft Visual Studio Solution File, Format Version 12.00
# Visual Studio 15
VisualStudioVersion = 15.0.28307.705
MinimumVisualStudioVersion = 10.0.40219.1
Project("{9A19103F-16F7-4668-BE54-9A1E7A4F7556}") = "RepositoryLib", "RepositoryLib\RepositoryLib.csproj", "{8D7414F8-2A0D-4B41-970F-4FDA97502FD2}"
EndProject
Project("{9A19103F-16F7-4668-BE54-9A1E7A4F7556}") = "RepositoryClient", "RepositoryClient\RepositoryClient.csproj", "{FED981CD-6AF9-44A9-8DD6-68B216CF3B44}"
	ProjectSection(ProjectDependencies) = postProject
		{8D7414F8-2A0D-4B41-970F-4FDA97502FD2} = {8D7414F8-2A0D-4B41-970F-4FDA97502FD2}
	EndProjectSection
EndProject
Global
	GlobalSection(SolutionConfigurationPlatforms) = preSolution
		Debug|Any CPU = Debug|Any CPU
		Release|Any CPU = Release|Any CPU
	EndGlobalSection
	GlobalSection(ProjectConfigurationPlatforms) = postSolution
		{8D7414F8-2A0D-4B41-970F-4FDA97502FD2}.Debug|Any CPU.ActiveCfg = Debug|Any CPU
		{8D7414F8-2A0D-4B41-970F-4FDA97502FD2}.Debug|Any CPU.Build.0 = Debug|Any CPU
		{8D7414F8-2A0D-4B41-970F-4FDA97502FD2}.Release|Any CPU.ActiveCfg = Release|Any CPU
		{8D7414F8-2A0D-4B41-970F-4FDA97502FD2}.Release|Any CPU.Build.0 = Release|Any CPU
		{FED981CD-6AF9-44A9-8DD6-68B216CF3B44}.Debug|Any CPU.ActiveCfg = Debug|Any CPU
		{FED981CD-6AF9-44A9-8DD6-68B216CF3B44}.Debug|Any CPU.Build.0 = Debug|Any CPU
		{FED981CD-6AF9-44A9-8DD6-68B216CF3B44}.Release|Any CPU.ActiveCfg = Release|Any CPU
		{FED981CD-6AF9-44A9-8DD6-68B216CF3B44}.Release|Any CPU.Build.0 = Release|Any CPU
	EndGlobalSection
	GlobalSection(SolutionProperties) = preSolution
		HideSolutionNode = FALSE
	EndGlobalSection
	GlobalSection(ExtensibilityGlobals) = postSolution
		SolutionGuid = {A4715885-5FDA-420F-A956-622BB39121D7}
	EndGlobalSection
EndGlobal
